{
  "name": "commercial-license-skill",
  "version": "0.3.3",
  "lockfileVersion": 3,
  "requires": true,
  "packages": {
    "": {
      "name": "commercial-license-skill",
      "version": "0.3.3",
      "license": "Apache-2.0",
      "bin": {
        "commercial-license-skill": "bin/commercial-license-skill.mjs",
        "leechshield": "bin/commercial-license-skill.mjs"
      },
      "engines": {
        "node": ">=18.17"
      }
    }
  }
}
